
Microsoft Visual Studio Solution File, Format Version 12.00
# Visual Studio 15
VisualStudioVersion = 15.0.28307.960
MinimumVisualStudioVersion = 10.0.40219.1
Project("{9A19103F-16F7-4668-BE54-9A1E7A4F7556}") = "WebApplication3StarWars", "WebApplication3StarWars\WebApplication3StarWars.csproj", "{D735625B-C9CF-41ED-96D8-47686C352AF4}"
EndProject
Project("{9A19103F-16F7-4668-BE54-9A1E7A4F7556}") = "UnitTestProject", "UnitTestProject1\UnitTestProject.csproj", "{6A2E8630-A731-4607-AF1C-1111DE63344E}"
EndProject
Global
	GlobalSection(SolutionConfigurationPlatforms) = preSolution
		Debug|Any CPU = Debug|Any CPU
		Release|Any CPU = Release|Any CPU
	EndGlobalSection
	GlobalSection(ProjectConfigurationPlatforms) = postSolution
		{D735625B-C9CF-41ED-96D8-47686C352AF4}.Debug|Any CPU.ActiveCfg = Debug|Any CPU
		{D735625B-C9CF-41ED-96D8-47686C352AF4}.Debug|Any CPU.Build.0 = Debug|Any CPU
		{D735625B-C9CF-41ED-96D8-47686C352AF4}.Release|Any CPU.ActiveCfg = Release|Any CPU
		{D735625B-C9CF-41ED-96D8-47686C352AF4}.Release|Any CPU.Build.0 = Release|Any CPU
		{6A2E8630-A731-4607-AF1C-1111DE63344E}.Debug|Any CPU.ActiveCfg = Debug|Any CPU
		{6A2E8630-A731-4607-AF1C-1111DE63344E}.Debug|Any CPU.Build.0 = Debug|Any CPU
		{6A2E8630-A731-4607-AF1C-1111DE63344E}.Release|Any CPU.ActiveCfg = Release|Any CPU
		{6A2E8630-A731-4607-AF1C-1111DE63344E}.Release|Any CPU.Build.0 = Release|Any CPU
	EndGlobalSection
	GlobalSection(SolutionProperties) = preSolution
		HideSolutionNode = FALSE
	EndGlobalSection
	GlobalSection(ExtensibilityGlobals) = postSolution
		SolutionGuid = {A2775EC2-DDAB-4D78-B2AF-5FBEF4603B0B}
	EndGlobalSection
EndGlobal
